
Microsoft Visual Studio Solution File, Format Version 12.00
# Visual Studio 2013
VisualStudioVersion = 12.0.30110.0
MinimumVisualStudioVersion = 10.0.40219.1
Project("{FAE04EC0-301F-11D3-BF4B-00C04F79EFBC}") = "AutoMocking", "AutoMocking\AutoMocking.csproj", "{B73C1C0D-8495-4536-9426-CD273908140A}"
EndProject
Project("{FAE04EC0-301F-11D3-BF4B-00C04F79EFBC}") = "AutoMocking.Tests", "AutoMocking.Tests\AutoMocking.Tests.csproj", "{CD5EA5A7-EEE9-497F-9089-C20E38BBE300}"
EndProject
Project("{FAE04EC0-301F-11D3-BF4B-00C04F79EFBC}") = "AutoMocking.NSubstitute", "AutoMocking.NSubstitute\AutoMocking.NSubstitute.csproj", "{E93B4657-C1F1-416F-8A0E-286B5EAFB02B}"
EndProject
Global
	GlobalSection(SolutionConfigurationPlatforms) = preSolution
		Debug|Any CPU = Debug|Any CPU
		Release|Any CPU = Release|Any CPU
	EndGlobalSection
	GlobalSection(ProjectConfigurationPlatforms) = postSolution
		{B73C1C0D-8495-4536-9426-CD273908140A}.Debug|Any CPU.ActiveCfg = Debug|Any CPU
		{B73C1C0D-8495-4536-9426-CD273908140A}.Debug|Any CPU.Build.0 = Debug|Any CPU
		{B73C1C0D-8495-4536-9426-CD273908140A}.Release|Any CPU.ActiveCfg = Release|Any CPU
		{B73C1C0D-8495-4536-9426-CD273908140A}.Release|Any CPU.Build.0 = Release|Any CPU
		{CD5EA5A7-EEE9-497F-9089-C20E38BBE300}.Debug|Any CPU.ActiveCfg = Debug|Any CPU
		{CD5EA5A7-EEE9-497F-9089-C20E38BBE300}.Debug|Any CPU.Build.0 = Debug|Any CPU
		{CD5EA5A7-EEE9-497F-9089-C20E38BBE300}.Release|Any CPU.ActiveCfg = Release|Any CPU
		{CD5EA5A7-EEE9-497F-9089-C20E38BBE300}.Release|Any CPU.Build.0 = Release|Any CPU
		{E93B4657-C1F1-416F-8A0E-286B5EAFB02B}.Debug|Any CPU.ActiveCfg = Debug|Any CPU
		{E93B4657-C1F1-416F-8A0E-286B5EAFB02B}.Debug|Any CPU.Build.0 = Debug|Any CPU
		{E93B4657-C1F1-416F-8A0E-286B5EAFB02B}.Release|Any CPU.ActiveCfg = Release|Any CPU
		{E93B4657-C1F1-416F-8A0E-286B5EAFB02B}.Release|Any CPU.Build.0 = Release|Any CPU
	EndGlobalSection
	GlobalSection(SolutionProperties) = preSolution
		HideSolutionNode = FALSE
	EndGlobalSection
EndGlobal
